
Microsoft Visual Studio Solution File, Format Version 12.00
# Visual Studio Version 17
VisualStudioVersion = 17.14.36603.0
MinimumVisualStudioVersion = 10.0.40219.1
Project("{FAE04EC0-301F-11D3-BF4B-00C04F79EFBC}") = "TextProcessing", "src\TextProcessing\TextProcessing.csproj", "{9BC4719F-A5EE-42B4-A5EF-ACD913CC2AE6}"
EndProject
Project("{FAE04EC0-301F-11D3-BF4B-00C04F79EFBC}") = "TextProcessing_IntegrationTests", "src\TextProcessing_Tests\TextProcessing_IntegrationTests.csproj", "{170B5F4A-0365-4E87-B5FB-DCE2FA6D5D5D}"
EndProject
Project("{FAE04EC0-301F-11D3-BF4B-00C04F79EFBC}") = "TokenProcessingFramework", "src\TokenProcessingFramework\TokenProcessingFramework.csproj", "{266DF4A0-A2D0-4805-8C23-9CB52E7E96C6}"
EndProject
Project("{FAE04EC0-301F-11D3-BF4B-00C04F79EFBC}") = "FileProcessingConsoleAppFramework", "src\FileProcessingConsoleAppFramework\FileProcessingConsoleAppFramework.csproj", "{D48D0A44-5CB8-499C-8E57-B36490FBCC79}"
EndProject
Project("{FAE04EC0-301F-11D3-BF4B-00C04F79EFBC}") = "WordCounterApp", "src\WordCounterApp\WordCounterApp.csproj", "{E7519E1A-C649-4690-BE11-22C976A5F3FF}"
EndProject
Project("{FAE04EC0-301F-11D3-BF4B-00C04F79EFBC}") = "WordFrequencyCounterApp", "src\WordFrequencyCounterApp\WordFrequencyCounterApp.csproj", "{90CFE8F6-BA2E-42A4-9E13-25794BF0ECA3}"
EndProject
Project("{2150E333-8FDC-42A3-9474-1A3956D46DE8}") = "Apps", "Apps", "{02EA681E-C7D8-13C7-8484-4AC65E1B71E8}"
EndProject
Project("{2150E333-8FDC-42A3-9474-1A3956D46DE8}") = "Frameworks", "Frameworks", "{014772AC-7090-43B1-8979-322A48C60D6D}"
EndProject
Project("{2150E333-8FDC-42A3-9474-1A3956D46DE8}") = "Tests", "Tests", "{33C6DAC4-D86E-4B03-B2EF-F9C8FA6C4C2C}"
EndProject
Project("{2150E333-8FDC-42A3-9474-1A3956D46DE8}") = "Legacy", "Legacy", "{9D213C8C-8945-47B6-8D78-54B7BD7D692C}"
EndProject
Project("{FAE04EC0-301F-11D3-BF4B-00C04F79EFBC}") = "TableSummatorApp", "src\TableSummatorApp\TableSummatorApp.csproj", "{3BDCEE91-306A-4A42-A546-14B21B7509B1}"
EndProject
Project("{FAE04EC0-301F-11D3-BF4B-00C04F79EFBC}") = "TextJustifierApp", "src\TextJustifierApp\TextJustifierApp.csproj", "{1A6627E1-906E-4368-AB53-C18C04410F67}"
EndProject
Project("{FAE04EC0-301F-11D3-BF4B-00C04F79EFBC}") = "ParagraphWordCounterApp", "src\ParagraphWordCounterApp\ParagraphWordCounterApp.csproj", "{8DFCE8BD-8AE0-48A6-A94E-2821D93977F9}"
EndProject
Project("{2150E333-8FDC-42A3-9474-1A3956D46DE8}") = "Data", "Data", "{903D2EBA-EB7B-49B3-8C19-79F4231EEA17}"
	ProjectSection(SolutionItems) = preProject
		data\input.txt = data\input.txt
		data\output.txt = data\output.txt
	EndProjectSection
EndProject
Project("{2150E333-8FDC-42A3-9474-1A3956D46DE8}") = "Benchmarks", "Benchmarks", "{BBDAEAED-CFC3-4AA8-BE9B-4A197A15F909}"
EndProject
Project("{FAE04EC0-301F-11D3-BF4B-00C04F79EFBC}") = "WordFrequencyCounterBenchmarks", "src\WordFrequencyCounterBenchmarks\WordFrequencyCounterBenchmarks.csproj", "{DAB41C20-AACC-43AE-AFDB-E1666C43F9A6}"
EndProject
Global
	GlobalSection(SolutionConfigurationPlatforms) = preSolution
		Debug|Any CPU = Debug|Any CPU
		Release|Any CPU = Release|Any CPU
	EndGlobalSection
	GlobalSection(ProjectConfigurationPlatforms) = postSolution
		{9BC4719F-A5EE-42B4-A5EF-ACD913CC2AE6}.Debug|Any CPU.ActiveCfg = Debug|Any CPU
		{9BC4719F-A5EE-42B4-A5EF-ACD913CC2AE6}.Debug|Any CPU.Build.0 = Debug|Any CPU
		{9BC4719F-A5EE-42B4-A5EF-ACD913CC2AE6}.Release|Any CPU.ActiveCfg = Release|Any CPU
		{9BC4719F-A5EE-42B4-A5EF-ACD913CC2AE6}.Release|Any CPU.Build.0 = Release|Any CPU
		{170B5F4A-0365-4E87-B5FB-DCE2FA6D5D5D}.Debug|Any CPU.ActiveCfg = Debug|Any CPU
		{170B5F4A-0365-4E87-B5FB-DCE2FA6D5D5D}.Debug|Any CPU.Build.0 = Debug|Any CPU
		{170B5F4A-0365-4E87-B5FB-DCE2FA6D5D5D}.Release|Any CPU.ActiveCfg = Release|Any CPU
		{170B5F4A-0365-4E87-B5FB-DCE2FA6D5D5D}.Release|Any CPU.Build.0 = Release|Any CPU
		{266DF4A0-A2D0-4805-8C23-9CB52E7E96C6}.Debug|Any CPU.ActiveCfg = Debug|Any CPU
		{266DF4A0-A2D0-4805-8C23-9CB52E7E96C6}.Debug|Any CPU.Build.0 = Debug|Any CPU
		{266DF4A0-A2D0-4805-8C23-9CB52E7E96C6}.Release|Any CPU.ActiveCfg = Release|Any CPU
		{266DF4A0-A2D0-4805-8C23-9CB52E7E96C6}.Release|Any CPU.Build.0 = Release|Any CPU
		{D48D0A44-5CB8-499C-8E57-B36490FBCC79}.Debug|Any CPU.ActiveCfg = Debug|Any CPU
		{D48D0A44-5CB8-499C-8E57-B36490FBCC79}.Debug|Any CPU.Build.0 = Debug|Any CPU
		{D48D0A44-5CB8-499C-8E57-B36490FBCC79}.Release|Any CPU.ActiveCfg = Release|Any CPU
		{D48D0A44-5CB8-499C-8E57-B36490FBCC79}.Release|Any CPU.Build.0 = Release|Any CPU
		{E7519E1A-C649-4690-BE11-22C976A5F3FF}.Debug|Any CPU.ActiveCfg = Debug|Any CPU
		{E7519E1A-C649-4690-BE11-22C976A5F3FF}.Debug|Any CPU.Build.0 = Debug|Any CPU
		{E7519E1A-C649-4690-BE11-22C976A5F3FF}.Release|Any CPU.ActiveCfg = Release|Any CPU
		{E7519E1A-C649-4690-BE11-22C976A5F3FF}.Release|Any CPU.Build.0 = Release|Any CPU
		{90CFE8F6-BA2E-42A4-9E13-25794BF0ECA3}.Debug|Any CPU.ActiveCfg = Debug|Any CPU
		{90CFE8F6-BA2E-42A4-9E13-25794BF0ECA3}.Debug|Any CPU.Build.0 = Debug|Any CPU
		{90CFE8F6-BA2E-42A4-9E13-25794BF0ECA3}.Release|Any CPU.ActiveCfg = Release|Any CPU
		{90CFE8F6-BA2E-42A4-9E13-25794BF0ECA3}.Release|Any CPU.Build.0 = Release|Any CPU
		{3BDCEE91-306A-4A42-A546-14B21B7509B1}.Debug|Any CPU.ActiveCfg = Debug|Any CPU
		{3BDCEE91-306A-4A42-A546-14B21B7509B1}.Debug|Any CPU.Build.0 = Debug|Any CPU
		{3BDCEE91-306A-4A42-A546-14B21B7509B1}.Release|Any CPU.ActiveCfg = Release|Any CPU
		{3BDCEE91-306A-4A42-A546-14B21B7509B1}.Release|Any CPU.Build.0 = Release|Any CPU
		{1A6627E1-906E-4368-AB53-C18C04410F67}.Debug|Any CPU.ActiveCfg = Debug|Any CPU
		{1A6627E1-906E-4368-AB53-C18C04410F67}.Debug|Any CPU.Build.0 = Debug|Any CPU
		{1A6627E1-906E-4368-AB53-C18C04410F67}.Release|Any CPU.ActiveCfg = Release|Any CPU
		{1A6627E1-906E-4368-AB53-C18C04410F67}.Release|Any CPU.Build.0 = Release|Any CPU
		{8DFCE8BD-8AE0-48A6-A94E-2821D93977F9}.Debug|Any CPU.ActiveCfg = Debug|Any CPU
		{8DFCE8BD-8AE0-48A6-A94E-2821D93977F9}.Debug|Any CPU.Build.0 = Debug|Any CPU
		{8DFCE8BD-8AE0-48A6-A94E-2821D93977F9}.Release|Any CPU.ActiveCfg = Release|Any CPU
		{8DFCE8BD-8AE0-48A6-A94E-2821D93977F9}.Release|Any CPU.Build.0 = Release|Any CPU
		{DAB41C20-AACC-43AE-AFDB-E1666C43F9A6}.Debug|Any CPU.ActiveCfg = Debug|Any CPU
		{DAB41C20-AACC-43AE-AFDB-E1666C43F9A6}.Debug|Any CPU.Build.0 = Debug|Any CPU
		{DAB41C20-AACC-43AE-AFDB-E1666C43F9A6}.Release|Any CPU.ActiveCfg = Release|Any CPU
		{DAB41C20-AACC-43AE-AFDB-E1666C43F9A6}.Release|Any CPU.Build.0 = Release|Any CPU
	EndGlobalSection
	GlobalSection(SolutionProperties) = preSolution
		HideSolutionNode = FALSE
	EndGlobalSection
	GlobalSection(NestedProjects) = preSolution
		{9BC4719F-A5EE-42B4-A5EF-ACD913CC2AE6} = {9D213C8C-8945-47B6-8D78-54B7BD7D692C}
		{170B5F4A-0365-4E87-B5FB-DCE2FA6D5D5D} = {33C6DAC4-D86E-4B03-B2EF-F9C8FA6C4C2C}
		{266DF4A0-A2D0-4805-8C23-9CB52E7E96C6} = {014772AC-7090-43B1-8979-322A48C60D6D}
		{D48D0A44-5CB8-499C-8E57-B36490FBCC79} = {014772AC-7090-43B1-8979-322A48C60D6D}
		{E7519E1A-C649-4690-BE11-22C976A5F3FF} = {02EA681E-C7D8-13C7-8484-4AC65E1B71E8}
		{90CFE8F6-BA2E-42A4-9E13-25794BF0ECA3} = {02EA681E-C7D8-13C7-8484-4AC65E1B71E8}
		{33C6DAC4-D86E-4B03-B2EF-F9C8FA6C4C2C} = {9D213C8C-8945-47B6-8D78-54B7BD7D692C}
		{3BDCEE91-306A-4A42-A546-14B21B7509B1} = {02EA681E-C7D8-13C7-8484-4AC65E1B71E8}
		{1A6627E1-906E-4368-AB53-C18C04410F67} = {02EA681E-C7D8-13C7-8484-4AC65E1B71E8}
		{8DFCE8BD-8AE0-48A6-A94E-2821D93977F9} = {02EA681E-C7D8-13C7-8484-4AC65E1B71E8}
		{DAB41C20-AACC-43AE-AFDB-E1666C43F9A6} = {BBDAEAED-CFC3-4AA8-BE9B-4A197A15F909}
	EndGlobalSection
	GlobalSection(ExtensibilityGlobals) = postSolution
		SolutionGuid = {3B7CD0FA-CDFE-4F7D-A4A8-882D61C526B3}
	EndGlobalSection
EndGlobal
