
Microsoft Visual Studio Solution File, Format Version 12.00
# Visual Studio Version 17
VisualStudioVersion = 17.14.36603.0
MinimumVisualStudioVersion = 10.0.40219.1
Project("{FAE04EC0-301F-11D3-BF4B-00C04F79EFBC}") = "TextProcessing", "TextProcessing.csproj", "{9BC4719F-A5EE-42B4-A5EF-ACD913CC2AE6}"
EndProject
Project("{FAE04EC0-301F-11D3-BF4B-00C04F79EFBC}") = "TextProcessing_Tests", "..\TextProcessing_Tests\TextProcessing_Tests.csproj", "{170B5F4A-0365-4E87-B5FB-DCE2FA6D5D5D}"
EndProject
Global
	GlobalSection(SolutionConfigurationPlatforms) = preSolution
		Debug|Any CPU = Debug|Any CPU
		Release|Any CPU = Release|Any CPU
	EndGlobalSection
	GlobalSection(ProjectConfigurationPlatforms) = postSolution
		{9BC4719F-A5EE-42B4-A5EF-ACD913CC2AE6}.Debug|Any CPU.ActiveCfg = Debug|Any CPU
		{9BC4719F-A5EE-42B4-A5EF-ACD913CC2AE6}.Debug|Any CPU.Build.0 = Debug|Any CPU
		{9BC4719F-A5EE-42B4-A5EF-ACD913CC2AE6}.Release|Any CPU.ActiveCfg = Release|Any CPU
		{9BC4719F-A5EE-42B4-A5EF-ACD913CC2AE6}.Release|Any CPU.Build.0 = Release|Any CPU
		{170B5F4A-0365-4E87-B5FB-DCE2FA6D5D5D}.Debug|Any CPU.ActiveCfg = Debug|Any CPU
		{170B5F4A-0365-4E87-B5FB-DCE2FA6D5D5D}.Debug|Any CPU.Build.0 = Debug|Any CPU
		{170B5F4A-0365-4E87-B5FB-DCE2FA6D5D5D}.Release|Any CPU.ActiveCfg = Release|Any CPU
		{170B5F4A-0365-4E87-B5FB-DCE2FA6D5D5D}.Release|Any CPU.Build.0 = Release|Any CPU
	EndGlobalSection
	GlobalSection(SolutionProperties) = preSolution
		HideSolutionNode = FALSE
	EndGlobalSection
	GlobalSection(ExtensibilityGlobals) = postSolution
		SolutionGuid = {3B7CD0FA-CDFE-4F7D-A4A8-882D61C526B3}
	EndGlobalSection
EndGlobal
